
Microsoft Visual Studio Solution File, Format Version 12.00
# Visual Studio Version 17
VisualStudioVersion = 17.0.31903.59
MinimumVisualStudioVersion = 10.0.40219.1
Project("{FAE04EC0-301F-11D3-BF4B-00C04F79EFBC}") = "Application", "Application\Application.csproj", "{FF18C663-5172-47E1-8BE6-96088CCA2438}"
EndProject
Project("{FAE04EC0-301F-11D3-BF4B-00C04F79EFBC}") = "Domain", "Domain\Domain.csproj", "{8309F3C6-D453-4FDC-A84A-7F8B2641B914}"
EndProject
Project("{FAE04EC0-301F-11D3-BF4B-00C04F79EFBC}") = "Persistence", "Persistence\Persistence.csproj", "{A29412FF-1745-4346-95CF-B4231403E337}"
EndProject
Project("{FAE04EC0-301F-11D3-BF4B-00C04F79EFBC}") = "API", "API\API.csproj", "{C907AD37-4CFC-4359-AF07-CA0E0904649C}"
EndProject
Global
	GlobalSection(SolutionConfigurationPlatforms) = preSolution
		Debug|Any CPU = Debug|Any CPU
		Debug|x64 = Debug|x64
		Debug|x86 = Debug|x86
		Release|Any CPU = Release|Any CPU
		Release|x64 = Release|x64
		Release|x86 = Release|x86
	EndGlobalSection
	GlobalSection(ProjectConfigurationPlatforms) = postSolution
		{FF18C663-5172-47E1-8BE6-96088CCA2438}.Debug|Any CPU.ActiveCfg = Debug|Any CPU
		{FF18C663-5172-47E1-8BE6-96088CCA2438}.Debug|Any CPU.Build.0 = Debug|Any CPU
		{FF18C663-5172-47E1-8BE6-96088CCA2438}.Debug|x64.ActiveCfg = Debug|Any CPU
		{FF18C663-5172-47E1-8BE6-96088CCA2438}.Debug|x64.Build.0 = Debug|Any CPU
		{FF18C663-5172-47E1-8BE6-96088CCA2438}.Debug|x86.ActiveCfg = Debug|Any CPU
		{FF18C663-5172-47E1-8BE6-96088CCA2438}.Debug|x86.Build.0 = Debug|Any CPU
		{FF18C663-5172-47E1-8BE6-96088CCA2438}.Release|Any CPU.ActiveCfg = Release|Any CPU
		{FF18C663-5172-47E1-8BE6-96088CCA2438}.Release|Any CPU.Build.0 = Release|Any CPU
		{FF18C663-5172-47E1-8BE6-96088CCA2438}.Release|x64.ActiveCfg = Release|Any CPU
		{FF18C663-5172-47E1-8BE6-96088CCA2438}.Release|x64.Build.0 = Release|Any CPU
		{FF18C663-5172-47E1-8BE6-96088CCA2438}.Release|x86.ActiveCfg = Release|Any CPU
		{FF18C663-5172-47E1-8BE6-96088CCA2438}.Release|x86.Build.0 = Release|Any CPU
		{8309F3C6-D453-4FDC-A84A-7F8B2641B914}.Debug|Any CPU.ActiveCfg = Debug|Any CPU
		{8309F3C6-D453-4FDC-A84A-7F8B2641B914}.Debug|Any CPU.Build.0 = Debug|Any CPU
		{8309F3C6-D453-4FDC-A84A-7F8B2641B914}.Debug|x64.ActiveCfg = Debug|Any CPU
		{8309F3C6-D453-4FDC-A84A-7F8B2641B914}.Debug|x64.Build.0 = Debug|Any CPU
		{8309F3C6-D453-4FDC-A84A-7F8B2641B914}.Debug|x86.ActiveCfg = Debug|Any CPU
		{8309F3C6-D453-4FDC-A84A-7F8B2641B914}.Debug|x86.Build.0 = Debug|Any CPU
		{8309F3C6-D453-4FDC-A84A-7F8B2641B914}.Release|Any CPU.ActiveCfg = Release|Any CPU
		{8309F3C6-D453-4FDC-A84A-7F8B2641B914}.Release|Any CPU.Build.0 = Release|Any CPU
		{8309F3C6-D453-4FDC-A84A-7F8B2641B914}.Release|x64.ActiveCfg = Release|Any CPU
		{8309F3C6-D453-4FDC-A84A-7F8B2641B914}.Release|x64.Build.0 = Release|Any CPU
		{8309F3C6-D453-4FDC-A84A-7F8B2641B914}.Release|x86.ActiveCfg = Release|Any CPU
		{8309F3C6-D453-4FDC-A84A-7F8B2641B914}.Release|x86.Build.0 = Release|Any CPU
		{A29412FF-1745-4346-95CF-B4231403E337}.Debug|Any CPU.ActiveCfg = Debug|Any CPU
		{A29412FF-1745-4346-95CF-B4231403E337}.Debug|Any CPU.Build.0 = Debug|Any CPU
		{A29412FF-1745-4346-95CF-B4231403E337}.Debug|x64.ActiveCfg = Debug|Any CPU
		{A29412FF-1745-4346-95CF-B4231403E337}.Debug|x64.Build.0 = Debug|Any CPU
		{A29412FF-1745-4346-95CF-B4231403E337}.Debug|x86.ActiveCfg = Debug|Any CPU
		{A29412FF-1745-4346-95CF-B4231403E337}.Debug|x86.Build.0 = Debug|Any CPU
		{A29412FF-1745-4346-95CF-B4231403E337}.Release|Any CPU.ActiveCfg = Release|Any CPU
		{A29412FF-1745-4346-95CF-B4231403E337}.Release|Any CPU.Build.0 = Release|Any CPU
		{A29412FF-1745-4346-95CF-B4231403E337}.Release|x64.ActiveCfg = Release|Any CPU
		{A29412FF-1745-4346-95CF-B4231403E337}.Release|x64.Build.0 = Release|Any CPU
		{A29412FF-1745-4346-95CF-B4231403E337}.Release|x86.ActiveCfg = Release|Any CPU
		{A29412FF-1745-4346-95CF-B4231403E337}.Release|x86.Build.0 = Release|Any CPU
		{C907AD37-4CFC-4359-AF07-CA0E0904649C}.Debug|Any CPU.ActiveCfg = Debug|Any CPU
		{C907AD37-4CFC-4359-AF07-CA0E0904649C}.Debug|Any CPU.Build.0 = Debug|Any CPU
		{C907AD37-4CFC-4359-AF07-CA0E0904649C}.Debug|x64.ActiveCfg = Debug|Any CPU
		{C907AD37-4CFC-4359-AF07-CA0E0904649C}.Debug|x64.Build.0 = Debug|Any CPU
		{C907AD37-4CFC-4359-AF07-CA0E0904649C}.Debug|x86.ActiveCfg = Debug|Any CPU
		{C907AD37-4CFC-4359-AF07-CA0E0904649C}.Debug|x86.Build.0 = Debug|Any CPU
		{C907AD37-4CFC-4359-AF07-CA0E0904649C}.Release|Any CPU.ActiveCfg = Release|Any CPU
		{C907AD37-4CFC-4359-AF07-CA0E0904649C}.Release|Any CPU.Build.0 = Release|Any CPU
		{C907AD37-4CFC-4359-AF07-CA0E0904649C}.Release|x64.ActiveCfg = Release|Any CPU
		{C907AD37-4CFC-4359-AF07-CA0E0904649C}.Release|x64.Build.0 = Release|Any CPU
		{C907AD37-4CFC-4359-AF07-CA0E0904649C}.Release|x86.ActiveCfg = Release|Any CPU
		{C907AD37-4CFC-4359-AF07-CA0E0904649C}.Release|x86.Build.0 = Release|Any CPU
	EndGlobalSection
	GlobalSection(SolutionProperties) = preSolution
		HideSolutionNode = FALSE
	EndGlobalSection
EndGlobal
